// !$*UTF8*$!
{
	archiveVersion = 1;
	classes = {
	};
	objectVersion = 51;
	objects = {

/* Begin PBXBuildFile section */
		85375DA6241E9083001C6C23 /* MoviesListViewModel.swift in Sources */ = {isa = PBXBuildFile; fileRef = 85375DA5241E9083001C6C23 /* MoviesListViewModel.swift */; };
		85375DA8241E90F2001C6C23 /* MovieThumbViewModel.swift in Sources */ = {isa = PBXBuildFile; fileRef = 85375DA7241E90F2001C6C23 /* MovieThumbViewModel.swift */; };
		85375DAD241E9EA9001C6C23 /* MovieThumbCollectionViewCell.swift in Sources */ = {isa = PBXBuildFile; fileRef = 85375DAB241E9EA9001C6C23 /* MovieThumbCollectionViewCell.swift */; };
		85375DAE241E9EA9001C6C23 /* MovieThumbCollectionViewCell.xib in Resources */ = {isa = PBXBuildFile; fileRef = 85375DAC241E9EA9001C6C23 /* MovieThumbCollectionViewCell.xib */; };
		85375DB0241E9F90001C6C23 /* CellDescribable.swift in Sources */ = {isa = PBXBuildFile; fileRef = 85375DAF241E9F90001C6C23 /* CellDescribable.swift */; };
		85375DB3241EA401001C6C23 /* MoviesListViewController.swift in Sources */ = {isa = PBXBuildFile; fileRef = 85375DB2241EA401001C6C23 /* MoviesListViewController.swift */; };
		85375DB5241EA435001C6C23 /* MoviesListFlowLayout.swift in Sources */ = {isa = PBXBuildFile; fileRef = 85375DB4241EA435001C6C23 /* MoviesListFlowLayout.swift */; };
		85375DBA241EAA92001C6C23 /* Assets.xcassets in Resources */ = {isa = PBXBuildFile; fileRef = 85375DB9241EAA92001C6C23 /* Assets.xcassets */; };
		85375DBC241EAAA9001C6C23 /* Constants.swift in Sources */ = {isa = PBXBuildFile; fileRef = 85375DBB241EAAA9001C6C23 /* Constants.swift */; };
		85770F46241D827A00F8C74C /* AppDelegate.swift in Sources */ = {isa = PBXBuildFile; fileRef = 85770F45241D827A00F8C74C /* AppDelegate.swift */; };
		85770F4D241D827A00F8C74C /* MoviesList.storyboard in Resources */ = {isa = PBXBuildFile; fileRef = 85770F4B241D827A00F8C74C /* MoviesList.storyboard */; };
		85770F52241D827C00F8C74C /* LaunchScreen.storyboard in Resources */ = {isa = PBXBuildFile; fileRef = 85770F50241D827C00F8C74C /* LaunchScreen.storyboard */; };
		85770F5F241E59CE00F8C74C /* HttpClient.swift in Sources */ = {isa = PBXBuildFile; fileRef = 85770F5E241E59CE00F8C74C /* HttpClient.swift */; };
		85770F61241E5CC400F8C74C /* MoviesService.swift in Sources */ = {isa = PBXBuildFile; fileRef = 85770F60241E5CC400F8C74C /* MoviesService.swift */; };
		85770F65241E5F1C00F8C74C /* Movie.swift in Sources */ = {isa = PBXBuildFile; fileRef = 85770F64241E5F1C00F8C74C /* Movie.swift */; };
		85770F67241E61E100F8C74C /* DecodableParser.swift in Sources */ = {isa = PBXBuildFile; fileRef = 85770F66241E61E100F8C74C /* DecodableParser.swift */; };
		85770F6C241E8DC400F8C74C /* MoviesResponse.swift in Sources */ = {isa = PBXBuildFile; fileRef = 85770F6B241E8DC400F8C74C /* MoviesResponse.swift */; };
		E8E1C1B0DF5B7E41DF329212 /* Pods_MovieGrid.framework in Frameworks */ = {isa = PBXBuildFile; fileRef = C5E0E2E46A236EB2E8F2EFAA /* Pods_MovieGrid.framework */; };
/* End PBXBuildFile section */

/* Begin PBXFileReference section */
		58C4F10334FFDCC6D0ACA126 /* Pods-MovieGrid.release.xcconfig */ = {isa = PBXFileReference; includeInIndex = 1; lastKnownFileType = text.xcconfig; name = "Pods-MovieGrid.release.xcconfig"; path = "Target Support Files/Pods-MovieGrid/Pods-MovieGrid.release.xcconfig"; sourceTree = "<group>"; };
		85375DA5241E9083001C6C23 /* MoviesListViewModel.swift */ = {isa = PBXFileReference; lastKnownFileType = sourcecode.swift; path = MoviesListViewModel.swift; sourceTree = "<group>"; };
		85375DA7241E90F2001C6C23 /* MovieThumbViewModel.swift */ = {isa = PBXFileReference; lastKnownFileType = sourcecode.swift; path = MovieThumbViewModel.swift; sourceTree = "<group>"; };
		85375DAB241E9EA9001C6C23 /* MovieThumbCollectionViewCell.swift */ = {isa = PBXFileReference; lastKnownFileType = sourcecode.swift; path = MovieThumbCollectionViewCell.swift; sourceTree = "<group>"; };
		85375DAC241E9EA9001C6C23 /* MovieThumbCollectionViewCell.xib */ = {isa = PBXFileReference; lastKnownFileType = file.xib; path = MovieThumbCollectionViewCell.xib; sourceTree = "<group>"; };
		85375DAF241E9F90001C6C23 /* CellDescribable.swift */ = {isa = PBXFileReference; lastKnownFileType = sourcecode.swift; path = CellDescribable.swift; sourceTree = "<group>"; };
		85375DB2241EA401001C6C23 /* MoviesListViewController.swift */ = {isa = PBXFileReference; fileEncoding = 4; lastKnownFileType = sourcecode.swift; path = MoviesListViewController.swift; sourceTree = "<group>"; };
		85375DB4241EA435001C6C23 /* MoviesListFlowLayout.swift */ = {isa = PBXFileReference; lastKnownFileType = sourcecode.swift; path = MoviesListFlowLayout.swift; sourceTree = "<group>"; };
		85375DB8241EAA7A001C6C23 /* Info.plist */ = {isa = PBXFileReference; lastKnownFileType = text.plist.xml; path = Info.plist; sourceTree = "<group>"; };
		85375DB9241EAA92001C6C23 /* Assets.xcassets */ = {isa = PBXFileReference; lastKnownFileType = folder.assetcatalog; path = Assets.xcassets; sourceTree = "<group>"; };
		85375DBB241EAAA9001C6C23 /* Constants.swift */ = {isa = PBXFileReference; lastKnownFileType = sourcecode.swift; path = Constants.swift; sourceTree = "<group>"; };
		85770F42241D827A00F8C74C /* MovieGrid.app */ = {isa = PBXFileReference; explicitFileType = wrapper.application; includeInIndex = 0; path = MovieGrid.app; sourceTree = BUILT_PRODUCTS_DIR; };
		85770F45241D827A00F8C74C /* AppDelegate.swift */ = {isa = PBXFileReference; lastKnownFileType = sourcecode.swift; path = AppDelegate.swift; sourceTree = "<group>"; };
		85770F4C241D827A00F8C74C /* Base */ = {isa = PBXFileReference; lastKnownFileType = file.storyboard; name = Base; path = Base.lproj/MoviesList.storyboard; sourceTree = "<group>"; };
		85770F51241D827C00F8C74C /* Base */ = {isa = PBXFileReference; lastKnownFileType = file.storyboard; name = Base; path = Base.lproj/LaunchScreen.storyboard; sourceTree = "<group>"; };
		85770F5E241E59CE00F8C74C /* HttpClient.swift */ = {isa = PBXFileReference; fileEncoding = 4; lastKnownFileType = sourcecode.swift; path = HttpClient.swift; sourceTree = "<group>"; };
		85770F60241E5CC400F8C74C /* MoviesService.swift */ = {isa = PBXFileReference; lastKnownFileType = sourcecode.swift; path = MoviesService.swift; sourceTree = "<group>"; };
		85770F64241E5F1C00F8C74C /* Movie.swift */ = {isa = PBXFileReference; lastKnownFileType = sourcecode.swift; path = Movie.swift; sourceTree = "<group>"; };
		85770F66241E61E100F8C74C /* DecodableParser.swift */ = {isa = PBXFileReference; lastKnownFileType = sourcecode.swift; path = DecodableParser.swift; sourceTree = "<group>"; };
		85770F6B241E8DC400F8C74C /* MoviesResponse.swift */ = {isa = PBXFileReference; fileEncoding = 4; lastKnownFileType = sourcecode.swift; path = MoviesResponse.swift; sourceTree = "<group>"; };
		A9FCA7549F940264D0AAC52B /* Pods-MovieGrid.debug.xcconfig */ = {isa = PBXFileReference; includeInIndex = 1; lastKnownFileType = text.xcconfig; name = "Pods-MovieGrid.debug.xcconfig"; path = "Target Support Files/Pods-MovieGrid/Pods-MovieGrid.debug.xcconfig"; sourceTree = "<group>"; };
		C5E0E2E46A236EB2E8F2EFAA /* Pods_MovieGrid.framework */ = {isa = PBXFileReference; explicitFileType = wrapper.framework; includeInIndex = 0; path = Pods_MovieGrid.framework; sourceTree = BUILT_PRODUCTS_DIR; };
/* End PBXFileReference section */

/* Begin PBXFrameworksBuildPhase section */
		85770F3F241D827A00F8C74C /* Frameworks */ = {
			isa = PBXFrameworksBuildPhase;
			buildActionMask = 2147483647;
			files = (
				E8E1C1B0DF5B7E41DF329212 /* Pods_MovieGrid.framework in Frameworks */,
			);
			runOnlyForDeploymentPostprocessing = 0;
		};
/* End PBXFrameworksBuildPhase section */

/* Begin PBXGroup section */
		0D9B39ADC6A3030CF8B37009 /* Pods */ = {
			isa = PBXGroup;
			children = (
				A9FCA7549F940264D0AAC52B /* Pods-MovieGrid.debug.xcconfig */,
				58C4F10334FFDCC6D0ACA126 /* Pods-MovieGrid.release.xcconfig */,
			);
			path = Pods;
			sourceTree = "<group>";
		};
		4E588828EBDE6863E24324DA /* Frameworks */ = {
			isa = PBXGroup;
			children = (
				C5E0E2E46A236EB2E8F2EFAA /* Pods_MovieGrid.framework */,
			);
			name = Frameworks;
			sourceTree = "<group>";
		};
		85375DA4241E9071001C6C23 /* ViewModels */ = {
			isa = PBXGroup;
			children = (
				85375DA5241E9083001C6C23 /* MoviesListViewModel.swift */,
				85375DA7241E90F2001C6C23 /* MovieThumbViewModel.swift */,
			);
			path = ViewModels;
			sourceTree = "<group>";
		};
		85375DA9241E9E78001C6C23 /* Views */ = {
			isa = PBXGroup;
			children = (
				85375DAA241E9E80001C6C23 /* CollectionCells */,
			);
			path = Views;
			sourceTree = "<group>";
		};
		85375DAA241E9E80001C6C23 /* CollectionCells */ = {
			isa = PBXGroup;
			children = (
				85375DAB241E9EA9001C6C23 /* MovieThumbCollectionViewCell.swift */,
				85375DAC241E9EA9001C6C23 /* MovieThumbCollectionViewCell.xib */,
				85375DAF241E9F90001C6C23 /* CellDescribable.swift */,
			);
			path = CollectionCells;
			sourceTree = "<group>";
		};
		85375DB1241EA3E9001C6C23 /* ViewControllers */ = {
			isa = PBXGroup;
			children = (
				85375DB2241EA401001C6C23 /* MoviesListViewController.swift */,
				85375DB4241EA435001C6C23 /* MoviesListFlowLayout.swift */,
			);
			path = ViewControllers;
			sourceTree = "<group>";
		};
		85375DB6241EAA3F001C6C23 /* SupportingFiles */ = {
			isa = PBXGroup;
			children = (
				85375DB8241EAA7A001C6C23 /* Info.plist */,
				85375DBB241EAAA9001C6C23 /* Constants.swift */,
			);
			path = SupportingFiles;
			sourceTree = "<group>";
		};
		85375DB7241EAA52001C6C23 /* Resources */ = {
			isa = PBXGroup;
			children = (
				85375DB9241EAA92001C6C23 /* Assets.xcassets */,
			);
			path = Resources;
			sourceTree = "<group>";
		};
		85770F39241D827A00F8C74C = {
			isa = PBXGroup;
			children = (
				85770F44241D827A00F8C74C /* MovieGrid */,
				85770F43241D827A00F8C74C /* Products */,
				0D9B39ADC6A3030CF8B37009 /* Pods */,
				4E588828EBDE6863E24324DA /* Frameworks */,
			);
			sourceTree = "<group>";
		};
		85770F43241D827A00F8C74C /* Products */ = {
			isa = PBXGroup;
			children = (
				85770F42241D827A00F8C74C /* MovieGrid.app */,
			);
			name = Products;
			sourceTree = "<group>";
		};
		85770F44241D827A00F8C74C /* MovieGrid */ = {
			isa = PBXGroup;
			children = (
				85375DB7241EAA52001C6C23 /* Resources */,
				85375DB6241EAA3F001C6C23 /* SupportingFiles */,
				85375DB1241EA3E9001C6C23 /* ViewControllers */,
				85375DA9241E9E78001C6C23 /* Views */,
				85375DA4241E9071001C6C23 /* ViewModels */,
				85770F62241E5F0400F8C74C /* Models */,
				85770F5A241E4E4700F8C74C /* Services */,
				85770F45241D827A00F8C74C /* AppDelegate.swift */,
				85770F4B241D827A00F8C74C /* MoviesList.storyboard */,
				85770F50241D827C00F8C74C /* LaunchScreen.storyboard */,
			);
			path = MovieGrid;
			sourceTree = "<group>";
		};
		85770F5A241E4E4700F8C74C /* Services */ = {
			isa = PBXGroup;
			children = (
				85770F5D241E59AA00F8C74C /* Backend */,
			);
			path = Services;
			sourceTree = "<group>";
		};
		85770F5D241E59AA00F8C74C /* Backend */ = {
			isa = PBXGroup;
			children = (
				85770F5E241E59CE00F8C74C /* HttpClient.swift */,
				85770F60241E5CC400F8C74C /* MoviesService.swift */,
				85770F66241E61E100F8C74C /* DecodableParser.swift */,
			);
			path = Backend;
			sourceTree = "<group>";
		};
		85770F62241E5F0400F8C74C /* Models */ = {
			isa = PBXGroup;
			children = (
				85770F6A241E8D9900F8C74C /* ServerResponses */,
				85770F64241E5F1C00F8C74C /* Movie.swift */,
			);
			path = Models;
			sourceTree = "<group>";
		};
		85770F6A241E8D9900F8C74C /* ServerResponses */ = {
			isa = PBXGroup;
			children = (
				85770F6B241E8DC400F8C74C /* MoviesResponse.swift */,
			);
			path = ServerResponses;
			sourceTree = "<group>";
		};
/* End PBXGroup section */

/* Begin PBXNativeTarget section */
		85770F41241D827A00F8C74C /* MovieGrid */ = {
			isa = PBXNativeTarget;
			buildConfigurationList = 85770F56241D827C00F8C74C /* Build configuration list for PBXNativeTarget "MovieGrid" */;
			buildPhases = (
				5A11B431CC027AD69FDA294C /* [CP] Check Pods Manifest.lock */,
				85770F3E241D827A00F8C74C /* Sources */,
				85770F3F241D827A00F8C74C /* Frameworks */,
				85770F40241D827A00F8C74C /* Resources */,
				85770F59241D848500F8C74C /* ShellScript */,
				5C53E3DA70D00F38F1AC987F /* [CP] Embed Pods Frameworks */,
			);
			buildRules = (
			);
			dependencies = (
			);
			name = MovieGrid;
			productName = MovieGrid;
			productReference = 85770F42241D827A00F8C74C /* MovieGrid.app */;
			productType = "com.apple.product-type.application";
		};
/* End PBXNativeTarget section */

/* Begin PBXProject section */
		85770F3A241D827A00F8C74C /* Project object */ = {
			isa = PBXProject;
			attributes = {
				LastSwiftUpdateCheck = 1130;
				LastUpgradeCheck = 1130;
				ORGANIZATIONNAME = "Oleg Poliukhovych";
				TargetAttributes = {
					85770F41241D827A00F8C74C = {
						CreatedOnToolsVersion = 11.3.1;
					};
				};
			};
			buildConfigurationList = 85770F3D241D827A00F8C74C /* Build configuration list for PBXProject "MovieGrid" */;
			compatibilityVersion = "Xcode 9.3";
			developmentRegion = en;
			hasScannedForEncodings = 0;
			knownRegions = (
				en,
				Base,
			);
			mainGroup = 85770F39241D827A00F8C74C;
			productRefGroup = 85770F43241D827A00F8C74C /* Products */;
			projectDirPath = "";
			projectRoot = "";
			targets = (
				85770F41241D827A00F8C74C /* MovieGrid */,
			);
		};
/* End PBXProject section */

/* Begin PBXResourcesBuildPhase section */
		85770F40241D827A00F8C74C /* Resources */ = {
			isa = PBXResourcesBuildPhase;
			buildActionMask = 2147483647;
			files = (
				85375DAE241E9EA9001C6C23 /* MovieThumbCollectionViewCell.xib in Resources */,
				85770F52241D827C00F8C74C /* LaunchScreen.storyboard in Resources */,
				85375DBA241EAA92001C6C23 /* Assets.xcassets in Resources */,
				85770F4D241D827A00F8C74C /* MoviesList.storyboard in Resources */,
			);
			runOnlyForDeploymentPostprocessing = 0;
		};
/* End PBXResourcesBuildPhase section */

/* Begin PBXShellScriptBuildPhase section */
		5A11B431CC027AD69FDA294C /* [CP] Check Pods Manifest.lock */ = {
			isa = PBXShellScriptBuildPhase;
			buildActionMask = 2147483647;
			files = (
			);
			inputFileListPaths = (
			);
			inputPaths = (
				"${PODS_PODFILE_DIR_PATH}/Podfile.lock",
				"${PODS_ROOT}/Manifest.lock",
			);
			name = "[CP] Check Pods Manifest.lock";
			outputFileListPaths = (
			);
			outputPaths = (
				"$(DERIVED_FILE_DIR)/Pods-MovieGrid-checkManifestLockResult.txt",
			);
			runOnlyForDeploymentPostprocessing = 0;
			shellPath = /bin/sh;
			shellScript = "diff \"${PODS_PODFILE_DIR_PATH}/Podfile.lock\" \"${PODS_ROOT}/Manifest.lock\" > /dev/null\nif [ $? != 0 ] ; then\n    # print error to STDERR\n    echo \"error: The sandbox is not in sync with the Podfile.lock. Run 'pod install' or update your CocoaPods installation.\" >&2\n    exit 1\nfi\n# This output is used by Xcode 'outputs' to avoid re-running this script phase.\necho \"SUCCESS\" > \"${SCRIPT_OUTPUT_FILE_0}\"\n";
			showEnvVarsInLog = 0;
		};
		5C53E3DA70D00F38F1AC987F /* [CP] Embed Pods Frameworks */ = {
			isa = PBXShellScriptBuildPhase;
			buildActionMask = 2147483647;
			files = (
			);
			inputFileListPaths = (
				"${PODS_ROOT}/Target Support Files/Pods-MovieGrid/Pods-MovieGrid-frameworks-${CONFIGURATION}-input-files.xcfilelist",
			);
			name = "[CP] Embed Pods Frameworks";
			outputFileListPaths = (
				"${PODS_ROOT}/Target Support Files/Pods-MovieGrid/Pods-MovieGrid-frameworks-${CONFIGURATION}-output-files.xcfilelist",
			);
			runOnlyForDeploymentPostprocessing = 0;
			shellPath = /bin/sh;
			shellScript = "\"${PODS_ROOT}/Target Support Files/Pods-MovieGrid/Pods-MovieGrid-frameworks.sh\"\n";
			showEnvVarsInLog = 0;
		};
		85770F59241D848500F8C74C /* ShellScript */ = {
			isa = PBXShellScriptBuildPhase;
			buildActionMask = 2147483647;
			files = (
			);
			inputFileListPaths = (
			);
			inputPaths = (
			);
			outputFileListPaths = (
			);
			outputPaths = (
			);
			runOnlyForDeploymentPostprocessing = 0;
			shellPath = /bin/sh;
			shellScript = "${PODS_ROOT}/SwiftLint/swiftlint\n";
		};
/* End PBXShellScriptBuildPhase section */

/* Begin PBXSourcesBuildPhase section */
		85770F3E241D827A00F8C74C /* Sources */ = {
			isa = PBXSourcesBuildPhase;
			buildActionMask = 2147483647;
			files = (
				85375DB3241EA401001C6C23 /* MoviesListViewController.swift in Sources */,
				85770F5F241E59CE00F8C74C /* HttpClient.swift in Sources */,
				85375DB5241EA435001C6C23 /* MoviesListFlowLayout.swift in Sources */,
				85770F61241E5CC400F8C74C /* MoviesService.swift in Sources */,
				85770F6C241E8DC400F8C74C /* MoviesResponse.swift in Sources */,
				85770F46241D827A00F8C74C /* AppDelegate.swift in Sources */,
				85375DA8241E90F2001C6C23 /* MovieThumbViewModel.swift in Sources */,
				85375DBC241EAAA9001C6C23 /* Constants.swift in Sources */,
				85770F67241E61E100F8C74C /* DecodableParser.swift in Sources */,
				85770F65241E5F1C00F8C74C /* Movie.swift in Sources */,
				85375DAD241E9EA9001C6C23 /* MovieThumbCollectionViewCell.swift in Sources */,
				85375DB0241E9F90001C6C23 /* CellDescribable.swift in Sources */,
				85375DA6241E9083001C6C23 /* MoviesListViewModel.swift in Sources */,
			);
			runOnlyForDeploymentPostprocessing = 0;
		};
/* End PBXSourcesBuildPhase section */

/* Begin PBXVariantGroup section */
		85770F4B241D827A00F8C74C /* MoviesList.storyboard */ = {
			isa = PBXVariantGroup;
			children = (
				85770F4C241D827A00F8C74C /* Base */,
			);
			name = MoviesList.storyboard;
			sourceTree = "<group>";
		};
		85770F50241D827C00F8C74C /* LaunchScreen.storyboard */ = {
			isa = PBXVariantGroup;
			children = (
				85770F51241D827C00F8C74C /* Base */,
			);
			name = LaunchScreen.storyboard;
			sourceTree = "<group>";
		};
/* End PBXVariantGroup section */

/* Begin XCBuildConfiguration section */
		85770F54241D827C00F8C74C /* Debug */ = {
			isa = XCBuildConfiguration;
			buildSettings = {
				ALWAYS_SEARCH_USER_PATHS = NO;
				CLANG_ANALYZER_NONNULL = YES;
				CLANG_ANALYZER_NUMBER_OBJECT_CONVERSION = YES_AGGRESSIVE;
				CLANG_CXX_LANGUAGE_STANDARD = "gnu++14";
				CLANG_CXX_LIBRARY = "libc++";
				CLANG_ENABLE_MODULES = YES;
				CLANG_ENABLE_OBJC_ARC = YES;
				CLANG_ENABLE_OBJC_WEAK = YES;
				CLANG_WARN_BLOCK_CAPTURE_AUTORELEASING = YES;
				CLANG_WARN_BOOL_CONVERSION = YES;
				CLANG_WARN_COMMA = YES;
				CLANG_WARN_CONSTANT_CONVERSION = YES;
				CLANG_WARN_DEPRECATED_OBJC_IMPLEMENTATIONS = YES;
				CLANG_WARN_DIRECT_OBJC_ISA_USAGE = YES_ERROR;
				CLANG_WARN_DOCUMENTATION_COMMENTS = YES;
				CLANG_WARN_EMPTY_BODY = YES;
				CLANG_WARN_ENUM_CONVERSION = YES;
				CLANG_WARN_INFINITE_RECURSION = YES;
				CLANG_WARN_INT_CONVERSION = YES;
				CLANG_WARN_NON_LITERAL_NULL_CONVERSION = YES;
				CLANG_WARN_OBJC_IMPLICIT_RETAIN_SELF = YES;
				CLANG_WARN_OBJC_LITERAL_CONVERSION = YES;
				CLANG_WARN_OBJC_ROOT_CLASS = YES_ERROR;
				CLANG_WARN_RANGE_LOOP_ANALYSIS = YES;
				CLANG_WARN_STRICT_PROTOTYPES = YES;
				CLANG_WARN_SUSPICIOUS_MOVE = YES;
				CLANG_WARN_UNGUARDED_AVAILABILITY = YES_AGGRESSIVE;
				CLANG_WARN_UNREACHABLE_CODE = YES;
				CLANG_WARN__DUPLICATE_METHOD_MATCH = YES;
				COPY_PHASE_STRIP = NO;
				DEBUG_INFORMATION_FORMAT = dwarf;
				ENABLE_STRICT_OBJC_MSGSEND = YES;
				ENABLE_TESTABILITY = YES;
				GCC_C_LANGUAGE_STANDARD = gnu11;
				GCC_DYNAMIC_NO_PIC = NO;
				GCC_NO_COMMON_BLOCKS = YES;
				GCC_OPTIMIZATION_LEVEL = 0;
				GCC_PREPROCESSOR_DEFINITIONS = (
					"DEBUG=1",
					"$(inherited)",
				);
				GCC_WARN_64_TO_32_BIT_CONVERSION = YES;
				GCC_WARN_ABOUT_RETURN_TYPE = YES_ERROR;
				GCC_WARN_UNDECLARED_SELECTOR = YES;
				GCC_WARN_UNINITIALIZED_AUTOS = YES_AGGRESSIVE;
				GCC_WARN_UNUSED_FUNCTION = YES;
				GCC_WARN_UNUSED_VARIABLE = YES;
				IPHONEOS_DEPLOYMENT_TARGET = 13.2;
				MTL_ENABLE_DEBUG_INFO = INCLUDE_SOURCE;
				MTL_FAST_MATH = YES;
				ONLY_ACTIVE_ARCH = YES;
				SDKROOT = iphoneos;
				SWIFT_ACTIVE_COMPILATION_CONDITIONS = DEBUG;
				SWIFT_OPTIMIZATION_LEVEL = "-Onone";
			};
			name = Debug;
		};
		85770F55241D827C00F8C74C /* Release */ = {
			isa = XCBuildConfiguration;
			buildSettings = {
				ALWAYS_SEARCH_USER_PATHS = NO;
				CLANG_ANALYZER_NONNULL = YES;
				CLANG_ANALYZER_NUMBER_OBJECT_CONVERSION = YES_AGGRESSIVE;
				CLANG_CXX_LANGUAGE_STANDARD = "gnu++14";
				CLANG_CXX_LIBRARY = "libc++";
				CLANG_ENABLE_MODULES = YES;
				CLANG_ENABLE_OBJC_ARC = YES;
				CLANG_ENABLE_OBJC_WEAK = YES;
				CLANG_WARN_BLOCK_CAPTURE_AUTORELEASING = YES;
				CLANG_WARN_BOOL_CONVERSION = YES;
				CLANG_WARN_COMMA = YES;
				CLANG_WARN_CONSTANT_CONVERSION = YES;
				CLANG_WARN_DEPRECATED_OBJC_IMPLEMENTATIONS = YES;
				CLANG_WARN_DIRECT_OBJC_ISA_USAGE = YES_ERROR;
				CLANG_WARN_DOCUMENTATION_COMMENTS = YES;
				CLANG_WARN_EMPTY_BODY = YES;
				CLANG_WARN_ENUM_CONVERSION = YES;
				CLANG_WARN_INFINITE_RECURSION = YES;
				CLANG_WARN_INT_CONVERSION = YES;
				CLANG_WARN_NON_LITERAL_NULL_CONVERSION = YES;
				CLANG_WARN_OBJC_IMPLICIT_RETAIN_SELF = YES;
				CLANG_WARN_OBJC_LITERAL_CONVERSION = YES;
				CLANG_WARN_OBJC_ROOT_CLASS = YES_ERROR;
				CLANG_WARN_RANGE_LOOP_ANALYSIS = YES;
				CLANG_WARN_STRICT_PROTOTYPES = YES;
				CLANG_WARN_SUSPICIOUS_MOVE = YES;
				CLANG_WARN_UNGUARDED_AVAILABILITY = YES_AGGRESSIVE;
				CLANG_WARN_UNREACHABLE_CODE = YES;
				CLANG_WARN__DUPLICATE_METHOD_MATCH = YES;
				COPY_PHASE_STRIP = NO;
				DEBUG_INFORMATION_FORMAT = "dwarf-with-dsym";
				ENABLE_NS_ASSERTIONS = NO;
				ENABLE_STRICT_OBJC_MSGSEND = YES;
				GCC_C_LANGUAGE_STANDARD = gnu11;
				GCC_NO_COMMON_BLOCKS = YES;
				GCC_WARN_64_TO_32_BIT_CONVERSION = YES;
				GCC_WARN_ABOUT_RETURN_TYPE = YES_ERROR;
				GCC_WARN_UNDECLARED_SELECTOR = YES;
				GCC_WARN_UNINITIALIZED_AUTOS = YES_AGGRESSIVE;
				GCC_WARN_UNUSED_FUNCTION = YES;
				GCC_WARN_UNUSED_VARIABLE = YES;
				IPHONEOS_DEPLOYMENT_TARGET = 13.2;
				MTL_ENABLE_DEBUG_INFO = NO;
				MTL_FAST_MATH = YES;
				SDKROOT = iphoneos;
				SWIFT_COMPILATION_MODE = wholemodule;
				SWIFT_OPTIMIZATION_LEVEL = "-O";
				VALIDATE_PRODUCT = YES;
			};
			name = Release;
		};
		85770F57241D827C00F8C74C /* Debug */ = {
			isa = XCBuildConfiguration;
			baseConfigurationReference = A9FCA7549F940264D0AAC52B /* Pods-MovieGrid.debug.xcconfig */;
			buildSettings = {
				ASSETCATALOG_COMPILER_APPICON_NAME = AppIcon;
				CODE_SIGN_STYLE = Automatic;
				DEVELOPMENT_TEAM = 656PPC65F9;
				INFOPLIST_FILE = MovieGrid/SupportingFiles/Info.plist;
				IPHONEOS_DEPLOYMENT_TARGET = 12.0;
				LD_RUNPATH_SEARCH_PATHS = (
					"$(inherited)",
					"@executable_path/Frameworks",
				);
				PRODUCT_BUNDLE_IDENTIFIER = op.MovieGrid;
				PRODUCT_NAME = "$(TARGET_NAME)";
				SWIFT_VERSION = 5.0;
				TARGETED_DEVICE_FAMILY = "1,2";
			};
			name = Debug;
		};
		85770F58241D827C00F8C74C /* Release */ = {
			isa = XCBuildConfiguration;
			baseConfigurationReference = 58C4F10334FFDCC6D0ACA126 /* Pods-MovieGrid.release.xcconfig */;
			buildSettings = {
				ASSETCATALOG_COMPILER_APPICON_NAME = AppIcon;
				CODE_SIGN_STYLE = Automatic;
				DEVELOPMENT_TEAM = 656PPC65F9;
				INFOPLIST_FILE = MovieGrid/SupportingFiles/Info.plist;
				IPHONEOS_DEPLOYMENT_TARGET = 12.0;
				LD_RUNPATH_SEARCH_PATHS = (
					"$(inherited)",
					"@executable_path/Frameworks",
				);
				PRODUCT_BUNDLE_IDENTIFIER = op.MovieGrid;
				PRODUCT_NAME = "$(TARGET_NAME)";
				SWIFT_VERSION = 5.0;
				TARGETED_DEVICE_FAMILY = "1,2";
			};
			name = Release;
		};
/* End XCBuildConfiguration section */

/* Begin XCConfigurationList section */
		85770F3D241D827A00F8C74C /* Build configuration list for PBXProject "MovieGrid" */ = {
			isa = XCConfigurationList;
			buildConfigurations = (
				85770F54241D827C00F8C74C /* Debug */,
				85770F55241D827C00F8C74C /* Release */,
			);
			defaultConfigurationIsVisible = 0;
			defaultConfigurationName = Release;
		};
		85770F56241D827C00F8C74C /* Build configuration list for PBXNativeTarget "MovieGrid" */ = {
			isa = XCConfigurationList;
			buildConfigurations = (
				85770F57241D827C00F8C74C /* Debug */,
				85770F58241D827C00F8C74C /* Release */,
			);
			defaultConfigurationIsVisible = 0;
			defaultConfigurationName = Release;
		};
/* End XCConfigurationList section */
	};
	rootObject = 85770F3A241D827A00F8C74C /* Project object */;
}
